
Microsoft Visual Studio Solution File, Format Version 12.00
# Visual Studio Version 16
VisualStudioVersion = 16.0.32126.315
MinimumVisualStudioVersion = 10.0.40219.1
Project("{FAE04EC0-301F-11D3-BF4B-00C04F79EFBC}") = "Activity2", "Activity2\Activity2.csproj", "{D6E3C7DA-2F53-4E69-B233-A0747AD9E7E5}"
EndProject
Global
	GlobalSection(SolutionConfigurationPlatforms) = preSolution
		Debug|Any CPU = Debug|Any CPU
		Release|Any CPU = Release|Any CPU
	EndGlobalSection
	GlobalSection(ProjectConfigurationPlatforms) = postSolution
		{D6E3C7DA-2F53-4E69-B233-A0747AD9E7E5}.Debug|Any CPU.ActiveCfg = Debug|Any CPU
		{D6E3C7DA-2F53-4E69-B233-A0747AD9E7E5}.Debug|Any CPU.Build.0 = Debug|Any CPU
		{D6E3C7DA-2F53-4E69-B233-A0747AD9E7E5}.Release|Any CPU.ActiveCfg = Release|Any CPU
		{D6E3C7DA-2F53-4E69-B233-A0747AD9E7E5}.Release|Any CPU.Build.0 = Release|Any CPU
	EndGlobalSection
	GlobalSection(SolutionProperties) = preSolution
		HideSolutionNode = FALSE
	EndGlobalSection
	GlobalSection(ExtensibilityGlobals) = postSolution
		SolutionGuid = {1D70F4FC-C5B9-4D16-A9C4-8072784B9EF1}
	EndGlobalSection
EndGlobal
