
Microsoft Visual Studio Solution File, Format Version 12.00
# Visual Studio Version 16
VisualStudioVersion = 16.0.31515.178
MinimumVisualStudioVersion = 10.0.40219.1
Project("{FAE04EC0-301F-11D3-BF4B-00C04F79EFBC}") = "Dice Roller", "Dice Roller\Dice Roller.csproj", "{32A78277-4412-489A-8B2F-0B9C1B96D5D3}"
EndProject
Global
	GlobalSection(SolutionConfigurationPlatforms) = preSolution
		Debug|Any CPU = Debug|Any CPU
		Release|Any CPU = Release|Any CPU
	EndGlobalSection
	GlobalSection(ProjectConfigurationPlatforms) = postSolution
		{32A78277-4412-489A-8B2F-0B9C1B96D5D3}.Debug|Any CPU.ActiveCfg = Debug|Any CPU
		{32A78277-4412-489A-8B2F-0B9C1B96D5D3}.Debug|Any CPU.Build.0 = Debug|Any CPU
		{32A78277-4412-489A-8B2F-0B9C1B96D5D3}.Release|Any CPU.ActiveCfg = Release|Any CPU
		{32A78277-4412-489A-8B2F-0B9C1B96D5D3}.Release|Any CPU.Build.0 = Release|Any CPU
	EndGlobalSection
	GlobalSection(SolutionProperties) = preSolution
		HideSolutionNode = FALSE
	EndGlobalSection
	GlobalSection(ExtensibilityGlobals) = postSolution
		SolutionGuid = {378C1C38-DE6B-4A6F-B439-40D8F00B04C4}
	EndGlobalSection
EndGlobal
